
Microsoft Visual Studio Solution File, Format Version 12.00
# Visual Studio 15
VisualStudioVersion = 15.0.27130.2036
MinimumVisualStudioVersion = 10.0.40219.1
Project("{9A19103F-16F7-4668-BE54-9A1E7A4F7556}") = "UnitTests", "UnitTests\UnitTests.csproj", "{39E5EB68-E595-4A62-81CC-A88FE9B418E2}"
EndProject
Project("{9A19103F-16F7-4668-BE54-9A1E7A4F7556}") = "DevChatter.Bot.Core", "DevChatter.Bot.Core\DevChatter.Bot.Core.csproj", "{7C6DCD7F-17E9-4400-BBA1-80D5BE71951F}"
EndProject
Project("{9A19103F-16F7-4668-BE54-9A1E7A4F7556}") = "DevChatter.Bot.Infra.Twitch", "DevChatter.Bot.Infra.Twitch\DevChatter.Bot.Infra.Twitch.csproj", "{3F44367A-5E16-4CC5-8565-F07FE985EFF1}"
EndProject
Project("{9A19103F-16F7-4668-BE54-9A1E7A4F7556}") = "DevChatter.Bot.Infra.Ef", "DevChatter.Bot.Infra.Ef\DevChatter.Bot.Infra.Ef.csproj", "{EB61DAF6-52D8-4203-AACA-A896D6DB02CB}"
EndProject
Project("{2150E333-8FDC-42A3-9474-1A3956D46DE8}") = "Solution Items", "Solution Items", "{EFA01D12-4037-499A-ADD0-211B882917F4}"
	ProjectSection(SolutionItems) = preProject
		.editorconfig = .editorconfig
	EndProjectSection
EndProject
Project("{9A19103F-16F7-4668-BE54-9A1E7A4F7556}") = "DevChatter.Bot.Core.Games.Mud", "DevChatter.Bot.Core.Games.Mud\DevChatter.Bot.Core.Games.Mud.csproj", "{9E0E0FAC-E2A9-4E7F-B017-71A6B8236CE7}"
EndProject
Project("{9A19103F-16F7-4668-BE54-9A1E7A4F7556}") = "DevChatter.Bot.Web", "DevChatter.Bot.Web\DevChatter.Bot.Web.csproj", "{34754D38-A87B-47B6-8ED5-9D788A9B59D7}"
EndProject
Project("{9A19103F-16F7-4668-BE54-9A1E7A4F7556}") = "DevChatter.Bot.Infra.GoogleApi", "DevChatter.Bot.Infra.GoogleApi\DevChatter.Bot.Infra.GoogleApi.csproj", "{29A822EF-C182-46F7-9947-B44AEC48A706}"
EndProject
Project("{9A19103F-16F7-4668-BE54-9A1E7A4F7556}") = "DevChatter.Bot.Infra.Web", "DevChatter.Bot.Infra.Web\DevChatter.Bot.Infra.Web.csproj", "{A8832815-5344-4963-9B11-8EA61BD12465}"
EndProject
Global
	GlobalSection(SolutionConfigurationPlatforms) = preSolution
		Debug|Any CPU = Debug|Any CPU
		Release|Any CPU = Release|Any CPU
	EndGlobalSection
	GlobalSection(ProjectConfigurationPlatforms) = postSolution
		{39E5EB68-E595-4A62-81CC-A88FE9B418E2}.Debug|Any CPU.ActiveCfg = Debug|Any CPU
		{39E5EB68-E595-4A62-81CC-A88FE9B418E2}.Debug|Any CPU.Build.0 = Debug|Any CPU
		{39E5EB68-E595-4A62-81CC-A88FE9B418E2}.Release|Any CPU.ActiveCfg = Release|Any CPU
		{39E5EB68-E595-4A62-81CC-A88FE9B418E2}.Release|Any CPU.Build.0 = Release|Any CPU
		{7C6DCD7F-17E9-4400-BBA1-80D5BE71951F}.Debug|Any CPU.ActiveCfg = Debug|Any CPU
		{7C6DCD7F-17E9-4400-BBA1-80D5BE71951F}.Debug|Any CPU.Build.0 = Debug|Any CPU
		{7C6DCD7F-17E9-4400-BBA1-80D5BE71951F}.Release|Any CPU.ActiveCfg = Release|Any CPU
		{7C6DCD7F-17E9-4400-BBA1-80D5BE71951F}.Release|Any CPU.Build.0 = Release|Any CPU
		{3F44367A-5E16-4CC5-8565-F07FE985EFF1}.Debug|Any CPU.ActiveCfg = Debug|Any CPU
		{3F44367A-5E16-4CC5-8565-F07FE985EFF1}.Debug|Any CPU.Build.0 = Debug|Any CPU
		{3F44367A-5E16-4CC5-8565-F07FE985EFF1}.Release|Any CPU.ActiveCfg = Release|Any CPU
		{3F44367A-5E16-4CC5-8565-F07FE985EFF1}.Release|Any CPU.Build.0 = Release|Any CPU
		{EB61DAF6-52D8-4203-AACA-A896D6DB02CB}.Debug|Any CPU.ActiveCfg = Debug|Any CPU
		{EB61DAF6-52D8-4203-AACA-A896D6DB02CB}.Debug|Any CPU.Build.0 = Debug|Any CPU
		{EB61DAF6-52D8-4203-AACA-A896D6DB02CB}.Release|Any CPU.ActiveCfg = Release|Any CPU
		{EB61DAF6-52D8-4203-AACA-A896D6DB02CB}.Release|Any CPU.Build.0 = Release|Any CPU
		{9E0E0FAC-E2A9-4E7F-B017-71A6B8236CE7}.Debug|Any CPU.ActiveCfg = Debug|Any CPU
		{9E0E0FAC-E2A9-4E7F-B017-71A6B8236CE7}.Debug|Any CPU.Build.0 = Debug|Any CPU
		{9E0E0FAC-E2A9-4E7F-B017-71A6B8236CE7}.Release|Any CPU.ActiveCfg = Release|Any CPU
		{9E0E0FAC-E2A9-4E7F-B017-71A6B8236CE7}.Release|Any CPU.Build.0 = Release|Any CPU
		{34754D38-A87B-47B6-8ED5-9D788A9B59D7}.Debug|Any CPU.ActiveCfg = Debug|Any CPU
		{34754D38-A87B-47B6-8ED5-9D788A9B59D7}.Debug|Any CPU.Build.0 = Debug|Any CPU
		{34754D38-A87B-47B6-8ED5-9D788A9B59D7}.Release|Any CPU.ActiveCfg = Release|Any CPU
		{34754D38-A87B-47B6-8ED5-9D788A9B59D7}.Release|Any CPU.Build.0 = Release|Any CPU
		{29A822EF-C182-46F7-9947-B44AEC48A706}.Debug|Any CPU.ActiveCfg = Debug|Any CPU
		{29A822EF-C182-46F7-9947-B44AEC48A706}.Debug|Any CPU.Build.0 = Debug|Any CPU
		{29A822EF-C182-46F7-9947-B44AEC48A706}.Release|Any CPU.ActiveCfg = Release|Any CPU
		{29A822EF-C182-46F7-9947-B44AEC48A706}.Release|Any CPU.Build.0 = Release|Any CPU
		{A8832815-5344-4963-9B11-8EA61BD12465}.Debug|Any CPU.ActiveCfg = Debug|Any CPU
		{A8832815-5344-4963-9B11-8EA61BD12465}.Debug|Any CPU.Build.0 = Debug|Any CPU
		{A8832815-5344-4963-9B11-8EA61BD12465}.Release|Any CPU.ActiveCfg = Release|Any CPU
		{A8832815-5344-4963-9B11-8EA61BD12465}.Release|Any CPU.Build.0 = Release|Any CPU
	EndGlobalSection
	GlobalSection(SolutionProperties) = preSolution
		HideSolutionNode = FALSE
	EndGlobalSection
	GlobalSection(ExtensibilityGlobals) = postSolution
		SolutionGuid = {BA4E7D3F-481E-4FA9-983A-525CF9F4E0BD}
	EndGlobalSection
EndGlobal
